// !$*UTF8*$!
{
	archiveVersion = 1;
	classes = {
	};
	objectVersion = 50;
	objects = {

/* Begin PBXBuildFile section */
		9416FD8426B34B050023F04E /* SuperheroApp.swift in Sources */ = {isa = PBXBuildFile; fileRef = 9416FD8326B34B050023F04E /* SuperheroApp.swift */; };
		9416FD8626B34B050023F04E /* ContentView.swift in Sources */ = {isa = PBXBuildFile; fileRef = 9416FD8526B34B050023F04E /* ContentView.swift */; };
		9416FD8826B34B060023F04E /* Assets.xcassets in Resources */ = {isa = PBXBuildFile; fileRef = 9416FD8726B34B060023F04E /* Assets.xcassets */; };
		9416FD8B26B34B060023F04E /* Preview Assets.xcassets in Resources */ = {isa = PBXBuildFile; fileRef = 9416FD8A26B34B060023F04E /* Preview Assets.xcassets */; };
		9416FD9626B34B070023F04E /* SuperheroTests.swift in Sources */ = {isa = PBXBuildFile; fileRef = 9416FD9526B34B070023F04E /* SuperheroTests.swift */; };
		9416FDA126B34B070023F04E /* SuperheroUITests.swift in Sources */ = {isa = PBXBuildFile; fileRef = 9416FDA026B34B070023F04E /* SuperheroUITests.swift */; };
		9416FDAF26B36C210023F04E /* Home.swift in Sources */ = {isa = PBXBuildFile; fileRef = 9416FDAE26B36C210023F04E /* Home.swift */; };
		9416FDB126B371470023F04E /* Register.swift in Sources */ = {isa = PBXBuildFile; fileRef = 9416FDB026B371470023F04E /* Register.swift */; };
		942ED7C626CC12C00075865B /* Zodiac.swift in Sources */ = {isa = PBXBuildFile; fileRef = 942ED7C526CC12C00075865B /* Zodiac.swift */; };
		9439B7B526BDB31700040CDA /* QAPower.swift in Sources */ = {isa = PBXBuildFile; fileRef = 9439B7B426BDB31700040CDA /* QAPower.swift */; };
		9439B7B726BDC2DA00040CDA /* QuestionVIew.swift in Sources */ = {isa = PBXBuildFile; fileRef = 9439B7B626BDC2DA00040CDA /* QuestionVIew.swift */; };
		944B95CA26CC824C005BDBD2 /* ZodiacData.swift in Sources */ = {isa = PBXBuildFile; fileRef = 944B95C926CC824C005BDBD2 /* ZodiacData.swift */; };
		9461362026C2D12900B5F196 /* QAContainer.swift in Sources */ = {isa = PBXBuildFile; fileRef = 9461361F26C2D12900B5F196 /* QAContainer.swift */; };
		94CE7FB126CD6B7000A05C6A /* ZodiacInfo.swift in Sources */ = {isa = PBXBuildFile; fileRef = 94CE7FB026CD6B7000A05C6A /* ZodiacInfo.swift */; };
		94FA719D26B461FE00860C1E /* ShowSuperhero.swift in Sources */ = {isa = PBXBuildFile; fileRef = 94FA719C26B461FE00860C1E /* ShowSuperhero.swift */; };
		94FA719F26B4811C00860C1E /* Hero.swift in Sources */ = {isa = PBXBuildFile; fileRef = 94FA719E26B4811C00860C1E /* Hero.swift */; };
		94FA71A326B8B70D00860C1E /* SearchBar.swift in Sources */ = {isa = PBXBuildFile; fileRef = 94FA71A226B8B70D00860C1E /* SearchBar.swift */; };
		94FA71A526B8C9DD00860C1E /* HeroDetailsView.swift in Sources */ = {isa = PBXBuildFile; fileRef = 94FA71A426B8C9DD00860C1E /* HeroDetailsView.swift */; };
		94FA71AB26BAFB0800860C1E /* Quiz.swift in Sources */ = {isa = PBXBuildFile; fileRef = 94FA71AA26BAFB0800860C1E /* Quiz.swift */; };
		94FA71AD26BB313300860C1E /* QA.swift in Sources */ = {isa = PBXBuildFile; fileRef = 94FA71AC26BB313300860C1E /* QA.swift */; };
/* End PBXBuildFile section */

/* Begin PBXContainerItemProxy section */
		9416FD9226B34B070023F04E /* PBXContainerItemProxy */ = {
			isa = PBXContainerItemProxy;
			containerPortal = 9416FD7826B34B050023F04E /* Project object */;
			proxyType = 1;
			remoteGlobalIDString = 9416FD7F26B34B050023F04E;
			remoteInfo = Superhero;
		};
		9416FD9D26B34B070023F04E /* PBXContainerItemProxy */ = {
			isa = PBXContainerItemProxy;
			containerPortal = 9416FD7826B34B050023F04E /* Project object */;
			proxyType = 1;
			remoteGlobalIDString = 9416FD7F26B34B050023F04E;
			remoteInfo = Superhero;
		};
/* End PBXContainerItemProxy section */

/* Begin PBXFileReference section */
		9416FD8026B34B050023F04E /* Superhero.app */ = {isa = PBXFileReference; explicitFileType = wrapper.application; includeInIndex = 0; path = Superhero.app; sourceTree = BUILT_PRODUCTS_DIR; };
		9416FD8326B34B050023F04E /* SuperheroApp.swift */ = {isa = PBXFileReference; lastKnownFileType = sourcecode.swift; path = SuperheroApp.swift; sourceTree = "<group>"; };
		9416FD8526B34B050023F04E /* ContentView.swift */ = {isa = PBXFileReference; lastKnownFileType = sourcecode.swift; path = ContentView.swift; sourceTree = "<group>"; };
		9416FD8726B34B060023F04E /* Assets.xcassets */ = {isa = PBXFileReference; lastKnownFileType = folder.assetcatalog; path = Assets.xcassets; sourceTree = "<group>"; };
		9416FD8A26B34B060023F04E /* Preview Assets.xcassets */ = {isa = PBXFileReference; lastKnownFileType = folder.assetcatalog; path = "Preview Assets.xcassets"; sourceTree = "<group>"; };
		9416FD8C26B34B060023F04E /* Info.plist */ = {isa = PBXFileReference; lastKnownFileType = text.plist.xml; path = Info.plist; sourceTree = "<group>"; };
		9416FD9126B34B070023F04E /* SuperheroTests.xctest */ = {isa = PBXFileReference; explicitFileType = wrapper.cfbundle; includeInIndex = 0; path = SuperheroTests.xctest; sourceTree = BUILT_PRODUCTS_DIR; };
		9416FD9526B34B070023F04E /* SuperheroTests.swift */ = {isa = PBXFileReference; lastKnownFileType = sourcecode.swift; path = SuperheroTests.swift; sourceTree = "<group>"; };
		9416FD9726B34B070023F04E /* Info.plist */ = {isa = PBXFileReference; lastKnownFileType = text.plist.xml; path = Info.plist; sourceTree = "<group>"; };
		9416FD9C26B34B070023F04E /* SuperheroUITests.xctest */ = {isa = PBXFileReference; explicitFileType = wrapper.cfbundle; includeInIndex = 0; path = SuperheroUITests.xctest; sourceTree = BUILT_PRODUCTS_DIR; };
		9416FDA026B34B070023F04E /* SuperheroUITests.swift */ = {isa = PBXFileReference; lastKnownFileType = sourcecode.swift; path = SuperheroUITests.swift; sourceTree = "<group>"; };
		9416FDA226B34B070023F04E /* Info.plist */ = {isa = PBXFileReference; lastKnownFileType = text.plist.xml; path = Info.plist; sourceTree = "<group>"; };
		9416FDAE26B36C210023F04E /* Home.swift */ = {isa = PBXFileReference; lastKnownFileType = sourcecode.swift; path = Home.swift; sourceTree = "<group>"; };
		9416FDB026B371470023F04E /* Register.swift */ = {isa = PBXFileReference; lastKnownFileType = sourcecode.swift; path = Register.swift; sourceTree = "<group>"; };
		942ED7C526CC12C00075865B /* Zodiac.swift */ = {isa = PBXFileReference; lastKnownFileType = sourcecode.swift; path = Zodiac.swift; sourceTree = "<group>"; };
		9439B7B426BDB31700040CDA /* QAPower.swift */ = {isa = PBXFileReference; lastKnownFileType = sourcecode.swift; path = QAPower.swift; sourceTree = "<group>"; };
		9439B7B626BDC2DA00040CDA /* QuestionVIew.swift */ = {isa = PBXFileReference; lastKnownFileType = sourcecode.swift; path = QuestionVIew.swift; sourceTree = "<group>"; };
		944B95C926CC824C005BDBD2 /* ZodiacData.swift */ = {isa = PBXFileReference; lastKnownFileType = sourcecode.swift; path = ZodiacData.swift; sourceTree = "<group>"; };
		9461361F26C2D12900B5F196 /* QAContainer.swift */ = {isa = PBXFileReference; lastKnownFileType = sourcecode.swift; path = QAContainer.swift; sourceTree = "<group>"; };
		94CE7FB026CD6B7000A05C6A /* ZodiacInfo.swift */ = {isa = PBXFileReference; lastKnownFileType = sourcecode.swift; path = ZodiacInfo.swift; sourceTree = "<group>"; };
		94FA719C26B461FE00860C1E /* ShowSuperhero.swift */ = {isa = PBXFileReference; lastKnownFileType = sourcecode.swift; path = ShowSuperhero.swift; sourceTree = "<group>"; };
		94FA719E26B4811C00860C1E /* Hero.swift */ = {isa = PBXFileReference; lastKnownFileType = sourcecode.swift; path = Hero.swift; sourceTree = "<group>"; };
		94FA71A226B8B70D00860C1E /* SearchBar.swift */ = {isa = PBXFileReference; lastKnownFileType = sourcecode.swift; path = SearchBar.swift; sourceTree = "<group>"; };
		94FA71A426B8C9DD00860C1E /* HeroDetailsView.swift */ = {isa = PBXFileReference; lastKnownFileType = sourcecode.swift; path = HeroDetailsView.swift; sourceTree = "<group>"; };
		94FA71AA26BAFB0800860C1E /* Quiz.swift */ = {isa = PBXFileReference; lastKnownFileType = sourcecode.swift; path = Quiz.swift; sourceTree = "<group>"; };
		94FA71AC26BB313300860C1E /* QA.swift */ = {isa = PBXFileReference; lastKnownFileType = sourcecode.swift; path = QA.swift; sourceTree = "<group>"; };
/* End PBXFileReference section */

/* Begin PBXFrameworksBuildPhase section */
		9416FD7D26B34B050023F04E /* Frameworks */ = {
			isa = PBXFrameworksBuildPhase;
			buildActionMask = 2147483647;
			files = (
			);
			runOnlyForDeploymentPostprocessing = 0;
		};
		9416FD8E26B34B070023F04E /* Frameworks */ = {
			isa = PBXFrameworksBuildPhase;
			buildActionMask = 2147483647;
			files = (
			);
			runOnlyForDeploymentPostprocessing = 0;
		};
		9416FD9926B34B070023F04E /* Frameworks */ = {
			isa = PBXFrameworksBuildPhase;
			buildActionMask = 2147483647;
			files = (
			);
			runOnlyForDeploymentPostprocessing = 0;
		};
/* End PBXFrameworksBuildPhase section */

/* Begin PBXGroup section */
		9416FD7726B34B050023F04E = {
			isa = PBXGroup;
			children = (
				9416FD8226B34B050023F04E /* Superhero */,
				9416FD9426B34B070023F04E /* SuperheroTests */,
				9416FD9F26B34B070023F04E /* SuperheroUITests */,
				9416FD8126B34B050023F04E /* Products */,
			);
			sourceTree = "<group>";
		};
		9416FD8126B34B050023F04E /* Products */ = {
			isa = PBXGroup;
			children = (
				9416FD8026B34B050023F04E /* Superhero.app */,
				9416FD9126B34B070023F04E /* SuperheroTests.xctest */,
				9416FD9C26B34B070023F04E /* SuperheroUITests.xctest */,
			);
			name = Products;
			sourceTree = "<group>";
		};
		9416FD8226B34B050023F04E /* Superhero */ = {
			isa = PBXGroup;
			children = (
				94FA719B26B4616A00860C1E /* Model */,
				94FA719A26B4615B00860C1E /* View */,
				9416FD8326B34B050023F04E /* SuperheroApp.swift */,
				9416FD8726B34B060023F04E /* Assets.xcassets */,
				9416FD8C26B34B060023F04E /* Info.plist */,
				9416FD8926B34B060023F04E /* Preview Content */,
			);
			path = Superhero;
			sourceTree = "<group>";
		};
		9416FD8926B34B060023F04E /* Preview Content */ = {
			isa = PBXGroup;
			children = (
				9416FD8A26B34B060023F04E /* Preview Assets.xcassets */,
			);
			path = "Preview Content";
			sourceTree = "<group>";
		};
		9416FD9426B34B070023F04E /* SuperheroTests */ = {
			isa = PBXGroup;
			children = (
				9416FD9526B34B070023F04E /* SuperheroTests.swift */,
				9416FD9726B34B070023F04E /* Info.plist */,
			);
			path = SuperheroTests;
			sourceTree = "<group>";
		};
		9416FD9F26B34B070023F04E /* SuperheroUITests */ = {
			isa = PBXGroup;
			children = (
				9416FDA026B34B070023F04E /* SuperheroUITests.swift */,
				9416FDA226B34B070023F04E /* Info.plist */,
			);
			path = SuperheroUITests;
			sourceTree = "<group>";
		};
		94FA719A26B4615B00860C1E /* View */ = {
			isa = PBXGroup;
			children = (
				9416FD8526B34B050023F04E /* ContentView.swift */,
				9416FDB026B371470023F04E /* Register.swift */,
				9416FDAE26B36C210023F04E /* Home.swift */,
				94FA719C26B461FE00860C1E /* ShowSuperhero.swift */,
				94FA71A226B8B70D00860C1E /* SearchBar.swift */,
				94FA71A426B8C9DD00860C1E /* HeroDetailsView.swift */,
				94FA71AA26BAFB0800860C1E /* Quiz.swift */,
				94FA71AC26BB313300860C1E /* QA.swift */,
				9439B7B626BDC2DA00040CDA /* QuestionVIew.swift */,
				942ED7C526CC12C00075865B /* Zodiac.swift */,
				94CE7FB026CD6B7000A05C6A /* ZodiacInfo.swift */,
			);
			path = View;
			sourceTree = "<group>";
		};
		94FA719B26B4616A00860C1E /* Model */ = {
			isa = PBXGroup;
			children = (
				94FA719E26B4811C00860C1E /* Hero.swift */,
				9461361F26C2D12900B5F196 /* QAContainer.swift */,
				9439B7B426BDB31700040CDA /* QAPower.swift */,
				944B95C926CC824C005BDBD2 /* ZodiacData.swift */,
			);
			path = Model;
			sourceTree = "<group>";
		};
/* End PBXGroup section */

/* Begin PBXNativeTarget section */
		9416FD7F26B34B050023F04E /* Superhero */ = {
			isa = PBXNativeTarget;
			buildConfigurationList = 9416FDA526B34B070023F04E /* Build configuration list for PBXNativeTarget "Superhero" */;
			buildPhases = (
				9416FD7C26B34B050023F04E /* Sources */,
				9416FD7D26B34B050023F04E /* Frameworks */,
				9416FD7E26B34B050023F04E /* Resources */,
			);
			buildRules = (
			);
			dependencies = (
			);
			name = Superhero;
			productName = Superhero;
			productReference = 9416FD8026B34B050023F04E /* Superhero.app */;
			productType = "com.apple.product-type.application";
		};
		9416FD9026B34B070023F04E /* SuperheroTests */ = {
			isa = PBXNativeTarget;
			buildConfigurationList = 9416FDA826B34B070023F04E /* Build configuration list for PBXNativeTarget "SuperheroTests" */;
			buildPhases = (
				9416FD8D26B34B070023F04E /* Sources */,
				9416FD8E26B34B070023F04E /* Frameworks */,
				9416FD8F26B34B070023F04E /* Resources */,
			);
			buildRules = (
			);
			dependencies = (
				9416FD9326B34B070023F04E /* PBXTargetDependency */,
			);
			name = SuperheroTests;
			productName = SuperheroTests;
			productReference = 9416FD9126B34B070023F04E /* SuperheroTests.xctest */;
			productType = "com.apple.product-type.bundle.unit-test";
		};
		9416FD9B26B34B070023F04E /* SuperheroUITests */ = {
			isa = PBXNativeTarget;
			buildConfigurationList = 9416FDAB26B34B070023F04E /* Build configuration list for PBXNativeTarget "SuperheroUITests" */;
			buildPhases = (
				9416FD9826B34B070023F04E /* Sources */,
				9416FD9926B34B070023F04E /* Frameworks */,
				9416FD9A26B34B070023F04E /* Resources */,
			);
			buildRules = (
			);
			dependencies = (
				9416FD9E26B34B070023F04E /* PBXTargetDependency */,
			);
			name = SuperheroUITests;
			productName = SuperheroUITests;
			productReference = 9416FD9C26B34B070023F04E /* SuperheroUITests.xctest */;
			productType = "com.apple.product-type.bundle.ui-testing";
		};
/* End PBXNativeTarget section */

/* Begin PBXProject section */
		9416FD7826B34B050023F04E /* Project object */ = {
			isa = PBXProject;
			attributes = {
				LastSwiftUpdateCheck = 1250;
				LastUpgradeCheck = 1250;
				TargetAttributes = {
					9416FD7F26B34B050023F04E = {
						CreatedOnToolsVersion = 12.5.1;
					};
					9416FD9026B34B070023F04E = {
						CreatedOnToolsVersion = 12.5.1;
						TestTargetID = 9416FD7F26B34B050023F04E;
					};
					9416FD9B26B34B070023F04E = {
						CreatedOnToolsVersion = 12.5.1;
						TestTargetID = 9416FD7F26B34B050023F04E;
					};
				};
			};
			buildConfigurationList = 9416FD7B26B34B050023F04E /* Build configuration list for PBXProject "Superhero" */;
			compatibilityVersion = "Xcode 9.3";
			developmentRegion = en;
			hasScannedForEncodings = 0;
			knownRegions = (
				en,
				Base,
			);
			mainGroup = 9416FD7726B34B050023F04E;
			productRefGroup = 9416FD8126B34B050023F04E /* Products */;
			projectDirPath = "";
			projectRoot = "";
			targets = (
				9416FD7F26B34B050023F04E /* Superhero */,
				9416FD9026B34B070023F04E /* SuperheroTests */,
				9416FD9B26B34B070023F04E /* SuperheroUITests */,
			);
		};
/* End PBXProject section */

/* Begin PBXResourcesBuildPhase section */
		9416FD7E26B34B050023F04E /* Resources */ = {
			isa = PBXResourcesBuildPhase;
			buildActionMask = 2147483647;
			files = (
				9416FD8B26B34B060023F04E /* Preview Assets.xcassets in Resources */,
				9416FD8826B34B060023F04E /* Assets.xcassets in Resources */,
			);
			runOnlyForDeploymentPostprocessing = 0;
		};
		9416FD8F26B34B070023F04E /* Resources */ = {
			isa = PBXResourcesBuildPhase;
			buildActionMask = 2147483647;
			files = (
			);
			runOnlyForDeploymentPostprocessing = 0;
		};
		9416FD9A26B34B070023F04E /* Resources */ = {
			isa = PBXResourcesBuildPhase;
			buildActionMask = 2147483647;
			files = (
			);
			runOnlyForDeploymentPostprocessing = 0;
		};
/* End PBXResourcesBuildPhase section */

/* Begin PBXSourcesBuildPhase section */
		9416FD7C26B34B050023F04E /* Sources */ = {
			isa = PBXSourcesBuildPhase;
			buildActionMask = 2147483647;
			files = (
				9416FD8626B34B050023F04E /* ContentView.swift in Sources */,
				94CE7FB126CD6B7000A05C6A /* ZodiacInfo.swift in Sources */,
				9416FDAF26B36C210023F04E /* Home.swift in Sources */,
				94FA719D26B461FE00860C1E /* ShowSuperhero.swift in Sources */,
				94FA71AD26BB313300860C1E /* QA.swift in Sources */,
				944B95CA26CC824C005BDBD2 /* ZodiacData.swift in Sources */,
				9416FDB126B371470023F04E /* Register.swift in Sources */,
				94FA71A326B8B70D00860C1E /* SearchBar.swift in Sources */,
				94FA71AB26BAFB0800860C1E /* Quiz.swift in Sources */,
				9439B7B526BDB31700040CDA /* QAPower.swift in Sources */,
				9439B7B726BDC2DA00040CDA /* QuestionVIew.swift in Sources */,
				9416FD8426B34B050023F04E /* SuperheroApp.swift in Sources */,
				9461362026C2D12900B5F196 /* QAContainer.swift in Sources */,
				94FA719F26B4811C00860C1E /* Hero.swift in Sources */,
				94FA71A526B8C9DD00860C1E /* HeroDetailsView.swift in Sources */,
				942ED7C626CC12C00075865B /* Zodiac.swift in Sources */,
			);
			runOnlyForDeploymentPostprocessing = 0;
		};
		9416FD8D26B34B070023F04E /* Sources */ = {
			isa = PBXSourcesBuildPhase;
			buildActionMask = 2147483647;
			files = (
				9416FD9626B34B070023F04E /* SuperheroTests.swift in Sources */,
			);
			runOnlyForDeploymentPostprocessing = 0;
		};
		9416FD9826B34B070023F04E /* Sources */ = {
			isa = PBXSourcesBuildPhase;
			buildActionMask = 2147483647;
			files = (
				9416FDA126B34B070023F04E /* SuperheroUITests.swift in Sources */,
			);
			runOnlyForDeploymentPostprocessing = 0;
		};
/* End PBXSourcesBuildPhase section */

/* Begin PBXTargetDependency section */
		9416FD9326B34B070023F04E /* PBXTargetDependency */ = {
			isa = PBXTargetDependency;
			target = 9416FD7F26B34B050023F04E /* Superhero */;
			targetProxy = 9416FD9226B34B070023F04E /* PBXContainerItemProxy */;
		};
		9416FD9E26B34B070023F04E /* PBXTargetDependency */ = {
			isa = PBXTargetDependency;
			target = 9416FD7F26B34B050023F04E /* Superhero */;
			targetProxy = 9416FD9D26B34B070023F04E /* PBXContainerItemProxy */;
		};
/* End PBXTargetDependency section */

/* Begin XCBuildConfiguration section */
		9416FDA326B34B070023F04E /* Debug */ = {
			isa = XCBuildConfiguration;
			buildSettings = {
				ALWAYS_SEARCH_USER_PATHS = NO;
				CLANG_ANALYZER_NONNULL = YES;
				CLANG_ANALYZER_NUMBER_OBJECT_CONVERSION = YES_AGGRESSIVE;
				CLANG_CXX_LANGUAGE_STANDARD = "gnu++14";
				CLANG_CXX_LIBRARY = "libc++";
				CLANG_ENABLE_MODULES = YES;
				CLANG_ENABLE_OBJC_ARC = YES;
				CLANG_ENABLE_OBJC_WEAK = YES;
				CLANG_WARN_BLOCK_CAPTURE_AUTORELEASING = YES;
				CLANG_WARN_BOOL_CONVERSION = YES;
				CLANG_WARN_COMMA = YES;
				CLANG_WARN_CONSTANT_CONVERSION = YES;
				CLANG_WARN_DEPRECATED_OBJC_IMPLEMENTATIONS = YES;
				CLANG_WARN_DIRECT_OBJC_ISA_USAGE = YES_ERROR;
				CLANG_WARN_DOCUMENTATION_COMMENTS = YES;
				CLANG_WARN_EMPTY_BODY = YES;
				CLANG_WARN_ENUM_CONVERSION = YES;
				CLANG_WARN_INFINITE_RECURSION = YES;
				CLANG_WARN_INT_CONVERSION = YES;
				CLANG_WARN_NON_LITERAL_NULL_CONVERSION = YES;
				CLANG_WARN_OBJC_IMPLICIT_RETAIN_SELF = YES;
				CLANG_WARN_OBJC_LITERAL_CONVERSION = YES;
				CLANG_WARN_OBJC_ROOT_CLASS = YES_ERROR;
				CLANG_WARN_QUOTED_INCLUDE_IN_FRAMEWORK_HEADER = YES;
				CLANG_WARN_RANGE_LOOP_ANALYSIS = YES;
				CLANG_WARN_STRICT_PROTOTYPES = YES;
				CLANG_WARN_SUSPICIOUS_MOVE = YES;
				CLANG_WARN_UNGUARDED_AVAILABILITY = YES_AGGRESSIVE;
				CLANG_WARN_UNREACHABLE_CODE = YES;
				CLANG_WARN__DUPLICATE_METHOD_MATCH = YES;
				COPY_PHASE_STRIP = NO;
				DEBUG_INFORMATION_FORMAT = dwarf;
				ENABLE_STRICT_OBJC_MSGSEND = YES;
				ENABLE_TESTABILITY = YES;
				GCC_C_LANGUAGE_STANDARD = gnu11;
				GCC_DYNAMIC_NO_PIC = NO;
				GCC_NO_COMMON_BLOCKS = YES;
				GCC_OPTIMIZATION_LEVEL = 0;
				GCC_PREPROCESSOR_DEFINITIONS = (
					"DEBUG=1",
					"$(inherited)",
				);
				GCC_WARN_64_TO_32_BIT_CONVERSION = YES;
				GCC_WARN_ABOUT_RETURN_TYPE = YES_ERROR;
				GCC_WARN_UNDECLARED_SELECTOR = YES;
				GCC_WARN_UNINITIALIZED_AUTOS = YES_AGGRESSIVE;
				GCC_WARN_UNUSED_FUNCTION = YES;
				GCC_WARN_UNUSED_VARIABLE = YES;
				IPHONEOS_DEPLOYMENT_TARGET = 14.5;
				MTL_ENABLE_DEBUG_INFO = INCLUDE_SOURCE;
				MTL_FAST_MATH = YES;
				ONLY_ACTIVE_ARCH = YES;
				SDKROOT = iphoneos;
				SWIFT_ACTIVE_COMPILATION_CONDITIONS = DEBUG;
				SWIFT_OPTIMIZATION_LEVEL = "-Onone";
			};
			name = Debug;
		};
		9416FDA426B34B070023F04E /* Release */ = {
			isa = XCBuildConfiguration;
			buildSettings = {
				ALWAYS_SEARCH_USER_PATHS = NO;
				CLANG_ANALYZER_NONNULL = YES;
				CLANG_ANALYZER_NUMBER_OBJECT_CONVERSION = YES_AGGRESSIVE;
				CLANG_CXX_LANGUAGE_STANDARD = "gnu++14";
				CLANG_CXX_LIBRARY = "libc++";
				CLANG_ENABLE_MODULES = YES;
				CLANG_ENABLE_OBJC_ARC = YES;
				CLANG_ENABLE_OBJC_WEAK = YES;
				CLANG_WARN_BLOCK_CAPTURE_AUTORELEASING = YES;
				CLANG_WARN_BOOL_CONVERSION = YES;
				CLANG_WARN_COMMA = YES;
				CLANG_WARN_CONSTANT_CONVERSION = YES;
				CLANG_WARN_DEPRECATED_OBJC_IMPLEMENTATIONS = YES;
				CLANG_WARN_DIRECT_OBJC_ISA_USAGE = YES_ERROR;
				CLANG_WARN_DOCUMENTATION_COMMENTS = YES;
				CLANG_WARN_EMPTY_BODY = YES;
				CLANG_WARN_ENUM_CONVERSION = YES;
				CLANG_WARN_INFINITE_RECURSION = YES;
				CLANG_WARN_INT_CONVERSION = YES;
				CLANG_WARN_NON_LITERAL_NULL_CONVERSION = YES;
				CLANG_WARN_OBJC_IMPLICIT_RETAIN_SELF = YES;
				CLANG_WARN_OBJC_LITERAL_CONVERSION = YES;
				CLANG_WARN_OBJC_ROOT_CLASS = YES_ERROR;
				CLANG_WARN_QUOTED_INCLUDE_IN_FRAMEWORK_HEADER = YES;
				CLANG_WARN_RANGE_LOOP_ANALYSIS = YES;
				CLANG_WARN_STRICT_PROTOTYPES = YES;
				CLANG_WARN_SUSPICIOUS_MOVE = YES;
				CLANG_WARN_UNGUARDED_AVAILABILITY = YES_AGGRESSIVE;
				CLANG_WARN_UNREACHABLE_CODE = YES;
				CLANG_WARN__DUPLICATE_METHOD_MATCH = YES;
				COPY_PHASE_STRIP = NO;
				DEBUG_INFORMATION_FORMAT = "dwarf-with-dsym";
				ENABLE_NS_ASSERTIONS = NO;
				ENABLE_STRICT_OBJC_MSGSEND = YES;
				GCC_C_LANGUAGE_STANDARD = gnu11;
				GCC_NO_COMMON_BLOCKS = YES;
				GCC_WARN_64_TO_32_BIT_CONVERSION = YES;
				GCC_WARN_ABOUT_RETURN_TYPE = YES_ERROR;
				GCC_WARN_UNDECLARED_SELECTOR = YES;
				GCC_WARN_UNINITIALIZED_AUTOS = YES_AGGRESSIVE;
				GCC_WARN_UNUSED_FUNCTION = YES;
				GCC_WARN_UNUSED_VARIABLE = YES;
				IPHONEOS_DEPLOYMENT_TARGET = 14.5;
				MTL_ENABLE_DEBUG_INFO = NO;
				MTL_FAST_MATH = YES;
				SDKROOT = iphoneos;
				SWIFT_COMPILATION_MODE = wholemodule;
				SWIFT_OPTIMIZATION_LEVEL = "-O";
				VALIDATE_PRODUCT = YES;
			};
			name = Release;
		};
		9416FDA626B34B070023F04E /* Debug */ = {
			isa = XCBuildConfiguration;
			buildSettings = {
				ASSETCATALOG_COMPILER_APPICON_NAME = AppIcon;
				ASSETCATALOG_COMPILER_GLOBAL_ACCENT_COLOR_NAME = AccentColor;
				CODE_SIGN_ENTITLEMENTS = "";
				CODE_SIGN_IDENTITY = "Apple Development";
				CODE_SIGN_STYLE = Automatic;
				DEVELOPMENT_ASSET_PATHS = "\"Superhero/Preview Content\"";
				DEVELOPMENT_TEAM = 2CWU9G6H5B;
				ENABLE_PREVIEWS = YES;
				INFOPLIST_FILE = Superhero/Info.plist;
				IPHONEOS_DEPLOYMENT_TARGET = 14.0;
				LD_RUNPATH_SEARCH_PATHS = (
					"$(inherited)",
					"@executable_path/Frameworks",
				);
				PRODUCT_BUNDLE_IDENTIFIER = kamyardabiri.Superhero;
				PRODUCT_NAME = "$(TARGET_NAME)";
				SUPPORTS_MACCATALYST = NO;
				SWIFT_VERSION = 5.0;
				TARGETED_DEVICE_FAMILY = "1,2";
			};
			name = Debug;
		};
		9416FDA726B34B070023F04E /* Release */ = {
			isa = XCBuildConfiguration;
			buildSettings = {
				ASSETCATALOG_COMPILER_APPICON_NAME = AppIcon;
				ASSETCATALOG_COMPILER_GLOBAL_ACCENT_COLOR_NAME = AccentColor;
				CODE_SIGN_ENTITLEMENTS = "";
				CODE_SIGN_IDENTITY = "Apple Development";
				CODE_SIGN_STYLE = Automatic;
				DEVELOPMENT_ASSET_PATHS = "\"Superhero/Preview Content\"";
				DEVELOPMENT_TEAM = 2CWU9G6H5B;
				ENABLE_PREVIEWS = YES;
				INFOPLIST_FILE = Superhero/Info.plist;
				IPHONEOS_DEPLOYMENT_TARGET = 14.0;
				LD_RUNPATH_SEARCH_PATHS = (
					"$(inherited)",
					"@executable_path/Frameworks",
				);
				ONLY_ACTIVE_ARCH = NO;
				PRODUCT_BUNDLE_IDENTIFIER = kamyardabiri.Superhero;
				PRODUCT_NAME = "$(TARGET_NAME)";
				SUPPORTS_MACCATALYST = NO;
				SWIFT_VERSION = 5.0;
				TARGETED_DEVICE_FAMILY = "1,2";
			};
			name = Release;
		};
		9416FDA926B34B070023F04E /* Debug */ = {
			isa = XCBuildConfiguration;
			buildSettings = {
				ALWAYS_EMBED_SWIFT_STANDARD_LIBRARIES = YES;
				BUNDLE_LOADER = "$(TEST_HOST)";
				CODE_SIGN_STYLE = Automatic;
				DEVELOPMENT_TEAM = 2CWU9G6H5B;
				INFOPLIST_FILE = SuperheroTests/Info.plist;
				IPHONEOS_DEPLOYMENT_TARGET = 14.0;
				LD_RUNPATH_SEARCH_PATHS = (
					"$(inherited)",
					"@executable_path/Frameworks",
					"@loader_path/Frameworks",
				);
				PRODUCT_BUNDLE_IDENTIFIER = kamyardabiri.SuperheroTests;
				PRODUCT_NAME = "$(TARGET_NAME)";
				SWIFT_VERSION = 5.0;
				TARGETED_DEVICE_FAMILY = "1,2";
				TEST_HOST = "$(BUILT_PRODUCTS_DIR)/Superhero.app/Superhero";
			};
			name = Debug;
		};
		9416FDAA26B34B070023F04E /* Release */ = {
			isa = XCBuildConfiguration;
			buildSettings = {
				ALWAYS_EMBED_SWIFT_STANDARD_LIBRARIES = YES;
				BUNDLE_LOADER = "$(TEST_HOST)";
				CODE_SIGN_STYLE = Automatic;
				DEVELOPMENT_TEAM = 2CWU9G6H5B;
				INFOPLIST_FILE = SuperheroTests/Info.plist;
				IPHONEOS_DEPLOYMENT_TARGET = 14.0;
				LD_RUNPATH_SEARCH_PATHS = (
					"$(inherited)",
					"@executable_path/Frameworks",
					"@loader_path/Frameworks",
				);
				PRODUCT_BUNDLE_IDENTIFIER = kamyardabiri.SuperheroTests;
				PRODUCT_NAME = "$(TARGET_NAME)";
				SWIFT_VERSION = 5.0;
				TARGETED_DEVICE_FAMILY = "1,2";
				TEST_HOST = "$(BUILT_PRODUCTS_DIR)/Superhero.app/Superhero";
			};
			name = Release;
		};
		9416FDAC26B34B070023F04E /* Debug */ = {
			isa = XCBuildConfiguration;
			buildSettings = {
				ALWAYS_EMBED_SWIFT_STANDARD_LIBRARIES = YES;
				CODE_SIGN_STYLE = Automatic;
				DEVELOPMENT_TEAM = 2CWU9G6H5B;
				INFOPLIST_FILE = SuperheroUITests/Info.plist;
				LD_RUNPATH_SEARCH_PATHS = (
					"$(inherited)",
					"@executable_path/Frameworks",
					"@loader_path/Frameworks",
				);
				PRODUCT_BUNDLE_IDENTIFIER = kamyardabiri.SuperheroUITests;
				PRODUCT_NAME = "$(TARGET_NAME)";
				SWIFT_VERSION = 5.0;
				TARGETED_DEVICE_FAMILY = "1,2";
				TEST_TARGET_NAME = Superhero;
			};
			name = Debug;
		};
		9416FDAD26B34B070023F04E /* Release */ = {
			isa = XCBuildConfiguration;
			buildSettings = {
				ALWAYS_EMBED_SWIFT_STANDARD_LIBRARIES = YES;
				CODE_SIGN_STYLE = Automatic;
				DEVELOPMENT_TEAM = 2CWU9G6H5B;
				INFOPLIST_FILE = SuperheroUITests/Info.plist;
				LD_RUNPATH_SEARCH_PATHS = (
					"$(inherited)",
					"@executable_path/Frameworks",
					"@loader_path/Frameworks",
				);
				PRODUCT_BUNDLE_IDENTIFIER = kamyardabiri.SuperheroUITests;
				PRODUCT_NAME = "$(TARGET_NAME)";
				SWIFT_VERSION = 5.0;
				TARGETED_DEVICE_FAMILY = "1,2";
				TEST_TARGET_NAME = Superhero;
			};
			name = Release;
		};
/* End XCBuildConfiguration section */

/* Begin XCConfigurationList section */
		9416FD7B26B34B050023F04E /* Build configuration list for PBXProject "Superhero" */ = {
			isa = XCConfigurationList;
			buildConfigurations = (
				9416FDA326B34B070023F04E /* Debug */,
				9416FDA426B34B070023F04E /* Release */,
			);
			defaultConfigurationIsVisible = 0;
			defaultConfigurationName = Release;
		};
		9416FDA526B34B070023F04E /* Build configuration list for PBXNativeTarget "Superhero" */ = {
			isa = XCConfigurationList;
			buildConfigurations = (
				9416FDA626B34B070023F04E /* Debug */,
				9416FDA726B34B070023F04E /* Release */,
			);
			defaultConfigurationIsVisible = 0;
			defaultConfigurationName = Release;
		};
		9416FDA826B34B070023F04E /* Build configuration list for PBXNativeTarget "SuperheroTests" */ = {
			isa = XCConfigurationList;
			buildConfigurations = (
				9416FDA926B34B070023F04E /* Debug */,
				9416FDAA26B34B070023F04E /* Release */,
			);
			defaultConfigurationIsVisible = 0;
			defaultConfigurationName = Release;
		};
		9416FDAB26B34B070023F04E /* Build configuration list for PBXNativeTarget "SuperheroUITests" */ = {
			isa = XCConfigurationList;
			buildConfigurations = (
				9416FDAC26B34B070023F04E /* Debug */,
				9416FDAD26B34B070023F04E /* Release */,
			);
			defaultConfigurationIsVisible = 0;
			defaultConfigurationName = Release;
		};
/* End XCConfigurationList section */
	};
	rootObject = 9416FD7826B34B050023F04E /* Project object */;
}
